{
  "nodes": {
    "aquamarine": {
      "inputs": {
        "hyprutils": [
          "nixohess",
          "hyprland",
          "hyprutils"
        ],
        "hyprwayland-scanner": [
          "nixohess",
          "hyprland",
          "hyprwayland-scanner"
        ],
        "nixpkgs": [
          "nixohess",
          "hyprland",
          "nixpkgs"
        ],
        "systems": [
          "nixohess",
          "hyprland",
          "systems"
        ]
      },
      "locked": {
        "lastModified": 1767003782,
        "narHash": "sha256-5NIPXD/9qXMKfpY5BfEXrUKwv0meKr9ASGk709F3dXQ=",
        "owner": "gulafaran",
        "repo": "aquamarine",
        "rev": "6da45dac3f73d616b00b40e6e5118910d769fe7f",
        "type": "github"
      },
      "original": {
        "owner": "gulafaran",
        "ref": "commit",
        "repo": "aquamarine",
        "type": "github"
      }
    },
    "crane": {
      "locked": {
        "lastModified": 1766194365,
        "narHash": "sha256-4AFsUZ0kl6MXSm4BaQgItD0VGlEKR3iq7gIaL7TjBvc=",
        "owner": "ipetkov",
        "repo": "crane",
        "rev": "7d8ec2c71771937ab99790b45e6d9b93d15d9379",
        "type": "github"
      },
      "original": {
        "owner": "ipetkov",
        "repo": "crane",
        "type": "github"
      }
    },
    "disko": {
      "inputs": {
        "nixpkgs": [
          "nixpkgs"
        ]
      },
      "locked": {
        "lastModified": 1766150702,
        "narHash": "sha256-P0kM+5o+DKnB6raXgFEk3azw8Wqg5FL6wyl9jD+G5a4=",
        "owner": "nix-community",
        "repo": "disko",
        "rev": "916506443ecd0d0b4a0f4cf9d40a3c22ce39b378",
        "type": "github"
      },
      "original": {
        "owner": "nix-community",
        "repo": "disko",
        "type": "github"
      }
    },
    "fenix": {
      "inputs": {
        "nixpkgs": [
          "nixpkgs"
        ],
        "rust-analyzer-src": "rust-analyzer-src"
      },
      "locked": {
        "lastModified": 1767509276,
        "narHash": "sha256-5knCf0TyDRulNdrulrLxAxwPIYSWSSx8k6QHecEBb4U=",
        "owner": "nix-community",
        "repo": "fenix",
        "rev": "1930d3418abf9e17fae4a28a720dc16d90bf6ac4",
        "type": "github"
      },
      "original": {
        "owner": "nix-community",
        "repo": "fenix",
        "type": "github"
      }
    },
    "firefox-addons": {
      "inputs": {
        "nixpkgs": [
          "nixpkgs"
        ]
      },
      "locked": {
        "dir": "pkgs/firefox-addons",
        "lastModified": 1767585814,
        "narHash": "sha256-7iodv57Ppq05AHVKnS9/IdhhgBYTVpTDZmz2u2enr/E=",
        "owner": "rycee",
        "repo": "nur-expressions",
        "rev": "66bfeb87deb83ca2f9fa2045704b72de52c6433a",
        "type": "gitlab"
      },
      "original": {
        "dir": "pkgs/firefox-addons",
        "owner": "rycee",
        "repo": "nur-expressions",
        "type": "gitlab"
      }
    },
    "flake-compat": {
      "flake": false,
      "locked": {
        "lastModified": 1767039857,
        "narHash": "sha256-vNpUSpF5Nuw8xvDLj2KCwwksIbjua2LZCqhV1LNRDns=",
        "owner": "NixOS",
        "repo": "flake-compat",
        "rev": "5edf11c44bc78a0d334f6334cdaf7d60d732daab",
        "type": "github"
      },
      "original": {
        "owner": "NixOS",
        "repo": "flake-compat",
        "type": "github"
      }
    },
    "flake-compat_2": {
      "flake": false,
      "locked": {
        "lastModified": 1751685974,
        "narHash": "sha256-NKw96t+BgHIYzHUjkTK95FqYRVKB8DHpVhefWSz/kTw=",
        "ref": "refs/heads/main",
        "rev": "549f2762aebeff29a2e5ece7a7dc0f955281a1d1",
        "revCount": 92,
        "type": "git",
        "url": "https://git.lix.systems/lix-project/flake-compat.git"
      },
      "original": {
        "type": "git",
        "url": "https://git.lix.systems/lix-project/flake-compat.git"
      }
    },
    "flake-parts": {
      "inputs": {
        "nixpkgs-lib": [
          "nixohess",
          "nixpkgs"
        ]
      },
      "locked": {
        "lastModified": 1765835352,
        "narHash": "sha256-XswHlK/Qtjasvhd1nOa1e8MgZ8GS//jBoTqWtrS1Giw=",
        "owner": "hercules-ci",
        "repo": "flake-parts",
        "rev": "a34fae9c08a15ad73f295041fec82323541400a9",
        "type": "github"
      },
      "original": {
        "owner": "hercules-ci",
        "repo": "flake-parts",
        "type": "github"
      }
    },
    "flake-parts_2": {
      "inputs": {
        "nixpkgs-lib": [
          "nur",
          "nixpkgs"
        ]
      },
      "locked": {
        "lastModified": 1733312601,
        "narHash": "sha256-4pDvzqnegAfRkPwO3wmwBhVi/Sye1mzps0zHWYnP88c=",
        "owner": "hercules-ci",
        "repo": "flake-parts",
        "rev": "205b12d8b7cd4802fbcb8e8ef6a0f1408781a4f9",
        "type": "github"
      },
      "original": {
        "owner": "hercules-ci",
        "repo": "flake-parts",
        "type": "github"
      }
    },
    "gitignore": {
      "inputs": {
        "nixpkgs": [
          "nixohess",
          "hyprland",
          "pre-commit-hooks",
          "nixpkgs"
        ]
      },
      "locked": {
        "lastModified": 1709087332,
        "narHash": "sha256-HG2cCnktfHsKV0s4XW83gU3F57gaTljL9KNSuG6bnQs=",
        "owner": "hercules-ci",
        "repo": "gitignore.nix",
        "rev": "637db329424fd7e46cf4185293b9cc8c88c95394",
        "type": "github"
      },
      "original": {
        "owner": "hercules-ci",
        "repo": "gitignore.nix",
        "type": "github"
      }
    },
    "helix-git": {
      "inputs": {
        "nixpkgs": "nixpkgs",
        "rust-overlay": "rust-overlay"
      },
      "locked": {
        "lastModified": 1767104824,
        "narHash": "sha256-B/5myvheUJGXwNkeGIS5xgeZisxR5lELi4YqhXykFa4=",
        "owner": "helix-editor",
        "repo": "helix",
        "rev": "496f0e1b41e6735873c1376ac10a6a722767f328",
        "type": "github"
      },
      "original": {
        "owner": "helix-editor",
        "repo": "helix",
        "type": "github"
      }
    },
    "hjem": {
      "inputs": {
        "nix-darwin": "nix-darwin",
        "nixpkgs": [
          "nixohess",
          "nixpkgs"
        ],
        "smfh": [
          "nixohess"
        ]
      },
      "locked": {
        "lastModified": 1767318528,
        "narHash": "sha256-I2zxtEafZbFbqXe71rjqwVeTDv8SIVLaSzQd39SwfwM=",
        "owner": "feel-co",
        "repo": "hjem",
        "rev": "8539013044624a257e8da370069107aea148e985",
        "type": "github"
      },
      "original": {
        "owner": "feel-co",
        "repo": "hjem",
        "type": "github"
      }
    },
    "home-manager": {
      "inputs": {
        "nixpkgs": [
          "nixpkgs"
        ]
      },
      "locked": {
        "lastModified": 1767556355,
        "narHash": "sha256-RDTUBDQBi9D4eD9iJQWtUDN/13MDLX+KmE+TwwNUp2s=",
        "owner": "nix-community",
        "repo": "home-manager",
        "rev": "f894bc4ffde179d178d8deb374fcf9855d1a82b7",
        "type": "github"
      },
      "original": {
        "owner": "nix-community",
        "repo": "home-manager",
        "type": "github"
      }
    },
    "hyprcursor": {
      "inputs": {
        "hyprlang": [
          "nixohess",
          "hyprland",
          "hyprlang"
        ],
        "nixpkgs": [
          "nixohess",
          "hyprland",
          "nixpkgs"
        ],
        "systems": [
          "nixohess",
          "hyprland",
          "systems"
        ]
      },
      "locked": {
        "lastModified": 1753964049,
        "narHash": "sha256-lIqabfBY7z/OANxHoPeIrDJrFyYy9jAM4GQLzZ2feCM=",
        "owner": "hyprwm",
        "repo": "hyprcursor",
        "rev": "44e91d467bdad8dcf8bbd2ac7cf49972540980a5",
        "type": "github"
      },
      "original": {
        "owner": "hyprwm",
        "repo": "hyprcursor",
        "type": "github"
      }
    },
    "hyprgraphics": {
      "inputs": {
        "hyprutils": [
          "nixohess",
          "hyprland",
          "hyprutils"
        ],
        "nixpkgs": [
          "nixohess",
          "hyprland",
          "nixpkgs"
        ],
        "systems": [
          "nixohess",
          "hyprland",
          "systems"
        ]
      },
      "locked": {
        "lastModified": 1766946335,
        "narHash": "sha256-MRD+Jr2bY11MzNDfenENhiK6pvN+nHygxdHoHbZ1HtE=",
        "owner": "hyprwm",
        "repo": "hyprgraphics",
        "rev": "4af02a3925b454deb1c36603843da528b67ded6c",
        "type": "github"
      },
      "original": {
        "owner": "hyprwm",
        "repo": "hyprgraphics",
        "type": "github"
      }
    },
    "hyprgraphics_2": {
      "inputs": {
        "hyprutils": [
          "nixohess",
          "hyprpaper",
          "hyprutils"
        ],
        "nixpkgs": [
          "nixohess",
          "hyprpaper",
          "nixpkgs"
        ],
        "systems": [
          "nixohess",
          "hyprpaper",
          "systems"
        ]
      },
      "locked": {
        "lastModified": 1763733840,
        "narHash": "sha256-JnET78yl5RvpGuDQy3rCycOCkiKoLr5DN1fPhRNNMco=",
        "owner": "hyprwm",
        "repo": "hyprgraphics",
        "rev": "8f1bec691b2d198c60cccabca7a94add2df4ed1a",
        "type": "github"
      },
      "original": {
        "owner": "hyprwm",
        "repo": "hyprgraphics",
        "type": "github"
      }
    },
    "hyprland": {
      "inputs": {
        "aquamarine": "aquamarine",
        "hyprcursor": "hyprcursor",
        "hyprgraphics": "hyprgraphics",
        "hyprland-guiutils": "hyprland-guiutils",
        "hyprland-protocols": "hyprland-protocols",
        "hyprlang": "hyprlang",
        "hyprutils": "hyprutils",
        "hyprwayland-scanner": "hyprwayland-scanner",
        "hyprwire": "hyprwire",
        "nixpkgs": [
          "nixohess",
          "nixpkgs"
        ],
        "pre-commit-hooks": "pre-commit-hooks",
        "systems": [
          "nixohess",
          "systems"
        ],
        "xdph": "xdph"
      },
      "locked": {
        "lastModified": 1767523459,
        "narHash": "sha256-Z3EijMLd18cg8arhXv+A/tNiknQIYaeWQVoCNUm+c4A=",
        "owner": "hyprwm",
        "repo": "Hyprland",
        "rev": "0b3b012817ca381e40754cb4408e5c0cd3a2c732",
        "type": "github"
      },
      "original": {
        "owner": "hyprwm",
        "repo": "Hyprland",
        "type": "github"
      }
    },
    "hyprland-guiutils": {
      "inputs": {
        "aquamarine": [
          "nixohess",
          "hyprland",
          "aquamarine"
        ],
        "hyprgraphics": [
          "nixohess",
          "hyprland",
          "hyprgraphics"
        ],
        "hyprlang": [
          "nixohess",
          "hyprland",
          "hyprlang"
        ],
        "hyprtoolkit": [
          "nixohess",
          "hyprpaper",
          "hyprtoolkit"
        ],
        "hyprutils": [
          "nixohess",
          "hyprland",
          "hyprutils"
        ],
        "hyprwayland-scanner": [
          "nixohess",
          "hyprland",
          "hyprwayland-scanner"
        ],
        "nixpkgs": [
          "nixohess",
          "hyprland",
          "nixpkgs"
        ],
        "systems": [
          "nixohess",
          "hyprland",
          "systems"
        ]
      },
      "locked": {
        "lastModified": 1767023960,
        "narHash": "sha256-R2HgtVS1G3KSIKAQ77aOZ+Q0HituOmPgXW9nBNkpp3Q=",
        "owner": "hyprwm",
        "repo": "hyprland-guiutils",
        "rev": "c2e906261142f5dd1ee0bfc44abba23e2754c660",
        "type": "github"
      },
      "original": {
        "owner": "hyprwm",
        "repo": "hyprland-guiutils",
        "type": "github"
      }
    },
    "hyprland-protocols": {
      "inputs": {
        "nixpkgs": [
          "nixohess",
          "hyprland",
          "nixpkgs"
        ],
        "systems": [
          "nixohess",
          "hyprland",
          "systems"
        ]
      },
      "locked": {
        "lastModified": 1765214753,
        "narHash": "sha256-P9zdGXOzToJJgu5sVjv7oeOGPIIwrd9hAUAP3PsmBBs=",
        "owner": "hyprwm",
        "repo": "hyprland-protocols",
        "rev": "3f3860b869014c00e8b9e0528c7b4ddc335c21ab",
        "type": "github"
      },
      "original": {
        "owner": "hyprwm",
        "repo": "hyprland-protocols",
        "type": "github"
      }
    },
    "hyprlang": {
      "inputs": {
        "hyprutils": [
          "nixohess",
          "hyprland",
          "hyprutils"
        ],
        "nixpkgs": [
          "nixohess",
          "hyprland",
          "nixpkgs"
        ],
        "systems": [
          "nixohess",
          "hyprland",
          "systems"
        ]
      },
      "locked": {
        "lastModified": 1764612430,
        "narHash": "sha256-54ltTSbI6W+qYGMchAgCR6QnC1kOdKXN6X6pJhOWxFg=",
        "owner": "hyprwm",
        "repo": "hyprlang",
        "rev": "0d00dc118981531aa731150b6ea551ef037acddd",
        "type": "github"
      },
      "original": {
        "owner": "hyprwm",
        "repo": "hyprlang",
        "type": "github"
      }
    },
    "hyprlang_2": {
      "inputs": {
        "hyprutils": [
          "nixohess",
          "hyprpaper",
          "hyprutils"
        ],
        "nixpkgs": [
          "nixohess",
          "hyprpaper",
          "nixpkgs"
        ],
        "systems": [
          "nixohess",
          "hyprpaper",
          "systems"
        ]
      },
      "locked": {
        "lastModified": 1764612430,
        "narHash": "sha256-54ltTSbI6W+qYGMchAgCR6QnC1kOdKXN6X6pJhOWxFg=",
        "owner": "hyprwm",
        "repo": "hyprlang",
        "rev": "0d00dc118981531aa731150b6ea551ef037acddd",
        "type": "github"
      },
      "original": {
        "owner": "hyprwm",
        "repo": "hyprlang",
        "type": "github"
      }
    },
    "hyprpaper": {
      "inputs": {
        "aquamarine": [
          "nixohess",
          "hyprland",
          "aquamarine"
        ],
        "hyprgraphics": "hyprgraphics_2",
        "hyprlang": "hyprlang_2",
        "hyprtoolkit": "hyprtoolkit",
        "hyprutils": [
          "nixohess",
          "hyprland",
          "hyprutils"
        ],
        "hyprwayland-scanner": "hyprwayland-scanner_2",
        "hyprwire": [
          "nixohess",
          "hyprland",
          "hyprwire"
        ],
        "nixpkgs": [
          "nixohess",
          "nixpkgs"
        ],
        "systems": [
          "nixohess",
          "systems"
        ]
      },
      "locked": {
        "lastModified": 1767531010,
        "narHash": "sha256-k5YmI4VI6SEGZCFTYQAaZmE97sCszzdxdMzT2pBAKJ0=",
        "owner": "hyprwm",
        "repo": "hyprpaper",
        "rev": "f7921cdf3a1ac0ed186b08f137a2e9584b384354",
        "type": "github"
      },
      "original": {
        "owner": "hyprwm",
        "repo": "hyprpaper",
        "type": "github"
      }
    },
    "hyprtoolkit": {
      "inputs": {
        "aquamarine": [
          "nixohess",
          "hyprpaper",
          "aquamarine"
        ],
        "hyprgraphics": [
          "nixohess",
          "hyprpaper",
          "hyprgraphics"
        ],
        "hyprlang": [
          "nixohess",
          "hyprpaper",
          "hyprlang"
        ],
        "hyprutils": [
          "nixohess",
          "hyprpaper",
          "hyprutils"
        ],
        "hyprwayland-scanner": [
          "nixohess",
          "hyprpaper",
          "hyprwayland-scanner"
        ],
        "nixpkgs": [
          "nixohess",
          "hyprpaper",
          "nixpkgs"
        ],
        "systems": [
          "nixohess",
          "hyprpaper",
          "systems"
        ]
      },
      "locked": {
        "lastModified": 1765999299,
        "narHash": "sha256-C0tMHhVMEN2XlgMVeuJSbY64h9UhR2AKk5Hxxlxx6cA=",
        "owner": "hyprwm",
        "repo": "hyprtoolkit",
        "rev": "0a5d2c25d018112434e802212a1ad57ca1e24819",
        "type": "github"
      },
      "original": {
        "owner": "hyprwm",
        "repo": "hyprtoolkit",
        "type": "github"
      }
    },
    "hyprutils": {
      "inputs": {
        "nixpkgs": [
          "nixohess",
          "hyprland",
          "nixpkgs"
        ],
        "systems": [
          "nixohess",
          "hyprland",
          "systems"
        ]
      },
      "locked": {
        "lastModified": 1766253372,
        "narHash": "sha256-1+p4Kw8HdtMoFSmJtfdwjxM4bPxDK9yg27SlvUMpzWA=",
        "owner": "hyprwm",
        "repo": "hyprutils",
        "rev": "51a4f93ce8572e7b12b7284eb9e6e8ebf16b4be9",
        "type": "github"
      },
      "original": {
        "owner": "hyprwm",
        "repo": "hyprutils",
        "type": "github"
      }
    },
    "hyprwayland-scanner": {
      "inputs": {
        "nixpkgs": [
          "nixohess",
          "hyprland",
          "nixpkgs"
        ],
        "systems": [
          "nixohess",
          "hyprland",
          "systems"
        ]
      },
      "locked": {
        "lastModified": 1763640274,
        "narHash": "sha256-Uan1Nl9i4TF/kyFoHnTq1bd/rsWh4GAK/9/jDqLbY5A=",
        "owner": "hyprwm",
        "repo": "hyprwayland-scanner",
        "rev": "f6cf414ca0e16a4d30198fd670ec86df3c89f671",
        "type": "github"
      },
      "original": {
        "owner": "hyprwm",
        "repo": "hyprwayland-scanner",
        "type": "github"
      }
    },
    "hyprwayland-scanner_2": {
      "inputs": {
        "nixpkgs": [
          "nixohess",
          "hyprpaper",
          "nixpkgs"
        ],
        "systems": [
          "nixohess",
          "hyprpaper",
          "systems"
        ]
      },
      "locked": {
        "lastModified": 1763640274,
        "narHash": "sha256-Uan1Nl9i4TF/kyFoHnTq1bd/rsWh4GAK/9/jDqLbY5A=",
        "owner": "hyprwm",
        "repo": "hyprwayland-scanner",
        "rev": "f6cf414ca0e16a4d30198fd670ec86df3c89f671",
        "type": "github"
      },
      "original": {
        "owner": "hyprwm",
        "repo": "hyprwayland-scanner",
        "type": "github"
      }
    },
    "hyprwire": {
      "inputs": {
        "hyprutils": [
          "nixohess",
          "hyprland",
          "hyprutils"
        ],
        "nixpkgs": [
          "nixohess",
          "hyprland",
          "nixpkgs"
        ],
        "systems": [
          "nixohess",
          "hyprland",
          "systems"
        ]
      },
      "locked": {
        "lastModified": 1767473322,
        "narHash": "sha256-RGOeG+wQHeJ6BKcsSB8r0ZU77g9mDvoQzoTKj2dFHwA=",
        "owner": "hyprwm",
        "repo": "hyprwire",
        "rev": "d5e7d6b49fe780353c1cf9a1cf39fa8970bd9d11",
        "type": "github"
      },
      "original": {
        "owner": "hyprwm",
        "repo": "hyprwire",
        "type": "github"
      }
    },
    "impermanence": {
      "locked": {
        "lastModified": 1737831083,
        "narHash": "sha256-LJggUHbpyeDvNagTUrdhe/pRVp4pnS6wVKALS782gRI=",
        "owner": "nix-community",
        "repo": "impermanence",
        "rev": "4b3e914cdf97a5b536a889e939fb2fd2b043a170",
        "type": "github"
      },
      "original": {
        "owner": "nix-community",
        "repo": "impermanence",
        "type": "github"
      }
    },
    "mnw": {
      "locked": {
        "lastModified": 1758834834,
        "narHash": "sha256-Y7IvY4F8vajZyp3WGf+KaiIVwondEkMFkt92Cr9NZmg=",
        "owner": "Gerg-L",
        "repo": "mnw",
        "rev": "cfbc7d1cc832e318d0863a5fc91d940a96034001",
        "type": "github"
      },
      "original": {
        "owner": "Gerg-L",
        "repo": "mnw",
        "type": "github"
      }
    },
    "nix-darwin": {
      "inputs": {
        "nixpkgs": [
          "nixohess",
          "hjem",
          "nixpkgs"
        ]
      },
      "locked": {
        "lastModified": 1765065051,
        "narHash": "sha256-b7W9WsvyMOkUScNxbzS45KEJp0iiqRPyJ1I3JBE+oEE=",
        "owner": "nix-darwin",
        "repo": "nix-darwin",
        "rev": "7e22bf538aa3e0937effcb1cee73d5f1bcc26f79",
        "type": "github"
      },
      "original": {
        "owner": "nix-darwin",
        "repo": "nix-darwin",
        "type": "github"
      }
    },
    "nixohess": {
      "inputs": {
        "flake-parts": "flake-parts",
        "hjem": "hjem",
        "hyprland": "hyprland",
        "hyprpaper": "hyprpaper",
        "nixpkgs": "nixpkgs_2",
        "nvf": "nvf",
        "stash": "stash",
        "systems": "systems",
        "watt": "watt"
      },
      "locked": {
        "lastModified": 1767538895,
        "narHash": "sha256-UJi0ykFcLO30eP4PvDS96OERBLt0mTg5GipZxztCEtw=",
        "owner": "fazzi",
        "repo": "nixohess",
        "rev": "d0ff650b5ab405064cd76ec7911b8877a1a80a09",
        "type": "gitlab"
      },
      "original": {
        "owner": "fazzi",
        "repo": "nixohess",
        "rev": "d0ff650b5ab405064cd76ec7911b8877a1a80a09",
        "type": "gitlab"
      }
    },
    "nixos-hardware": {
      "locked": {
        "lastModified": 1767185284,
        "narHash": "sha256-ljDBUDpD1Cg5n3mJI81Hz5qeZAwCGxon4kQW3Ho3+6Q=",
        "owner": "NixOS",
        "repo": "nixos-hardware",
        "rev": "40b1a28dce561bea34858287fbb23052c3ee63fe",
        "type": "github"
      },
      "original": {
        "id": "nixos-hardware",
        "type": "indirect"
      }
    },
    "nixpkgs": {
      "locked": {
        "lastModified": 1759381078,
        "narHash": "sha256-gTrEEp5gEspIcCOx9PD8kMaF1iEmfBcTbO0Jag2QhQs=",
        "owner": "nixos",
        "repo": "nixpkgs",
        "rev": "7df7ff7d8e00218376575f0acdcc5d66741351ee",
        "type": "github"
      },
      "original": {
        "owner": "nixos",
        "ref": "nixos-unstable",
        "repo": "nixpkgs",
        "type": "github"
      }
    },
    "nixpkgs_2": {
      "locked": {
        "lastModified": 1766902085,
        "narHash": "sha256-coBu0ONtFzlwwVBzmjacUQwj3G+lybcZ1oeNSQkgC0M=",
        "owner": "NixOS",
        "repo": "nixpkgs",
        "rev": "c0b0e0fddf73fd517c3471e546c0df87a42d53f4",
        "type": "github"
      },
      "original": {
        "owner": "NixOS",
        "repo": "nixpkgs",
        "rev": "c0b0e0fddf73fd517c3471e546c0df87a42d53f4",
        "type": "github"
      }
    },
    "nixpkgs_3": {
      "locked": {
        "lastModified": 1767379071,
        "narHash": "sha256-EgE0pxsrW9jp9YFMkHL9JMXxcqi/OoumPJYwf+Okucw=",
        "owner": "NixOS",
        "repo": "nixpkgs",
        "rev": "fb7944c166a3b630f177938e478f0378e64ce108",
        "type": "github"
      },
      "original": {
        "id": "nixpkgs",
        "ref": "nixos-unstable",
        "type": "indirect"
      }
    },
    "nur": {
      "inputs": {
        "flake-parts": "flake-parts_2",
        "nixpkgs": [
          "nixpkgs"
        ]
      },
      "locked": {
        "lastModified": 1767592878,
        "narHash": "sha256-LuSe5aZbth1uE9C5NFL9zhqIkBoleL3g15TFRVn9JiU=",
        "owner": "nix-community",
        "repo": "NUR",
        "rev": "2a1df9ce99610dd5ee1a1e09f1222fb7586bbdd2",
        "type": "github"
      },
      "original": {
        "owner": "nix-community",
        "repo": "NUR",
        "type": "github"
      }
    },
    "nvf": {
      "inputs": {
        "flake-compat": "flake-compat_2",
        "flake-parts": [
          "nixohess",
          "flake-parts"
        ],
        "mnw": "mnw",
        "ndg": [
          "nixohess"
        ],
        "nixpkgs": [
          "nixohess",
          "nixpkgs"
        ],
        "systems": [
          "nixohess",
          "systems"
        ]
      },
      "locked": {
        "lastModified": 1767369300,
        "narHash": "sha256-QV+tdP2bS+PJBcp4YHhqpMTzcxsxGaS/d6cKMCJ4PnA=",
        "owner": "NotAShelf",
        "repo": "nvf",
        "rev": "9c75c2a199af39fc95fb203636ce97d070ca3973",
        "type": "github"
      },
      "original": {
        "owner": "NotAShelf",
        "repo": "nvf",
        "type": "github"
      }
    },
    "pre-commit-hooks": {
      "inputs": {
        "flake-compat": "flake-compat",
        "gitignore": "gitignore",
        "nixpkgs": [
          "nixohess",
          "hyprland",
          "nixpkgs"
        ]
      },
      "locked": {
        "lastModified": 1767281941,
        "narHash": "sha256-6MkqajPICgugsuZ92OMoQcgSHnD6sJHwk8AxvMcIgTE=",
        "owner": "cachix",
        "repo": "git-hooks.nix",
        "rev": "f0927703b7b1c8d97511c4116eb9b4ec6645a0fa",
        "type": "github"
      },
      "original": {
        "owner": "cachix",
        "repo": "git-hooks.nix",
        "type": "github"
      }
    },
    "root": {
      "inputs": {
        "disko": "disko",
        "fenix": "fenix",
        "firefox-addons": "firefox-addons",
        "helix-git": "helix-git",
        "home-manager": "home-manager",
        "impermanence": "impermanence",
        "nixohess": "nixohess",
        "nixos-hardware": "nixos-hardware",
        "nixpkgs": "nixpkgs_3",
        "nur": "nur",
        "sops-nix": "sops-nix"
      }
    },
    "rust-analyzer-src": {
      "flake": false,
      "locked": {
        "lastModified": 1767435306,
        "narHash": "sha256-FUdSvrIW5r69i1LeAz203yHbuEdH5VtHmtRQxw/xlxk=",
        "owner": "rust-lang",
        "repo": "rust-analyzer",
        "rev": "0b0d29933ae2f4768465f840aded8ed4822c9189",
        "type": "github"
      },
      "original": {
        "owner": "rust-lang",
        "ref": "nightly",
        "repo": "rust-analyzer",
        "type": "github"
      }
    },
    "rust-overlay": {
      "inputs": {
        "nixpkgs": [
          "helix-git",
          "nixpkgs"
        ]
      },
      "locked": {
        "lastModified": 1759631821,
        "narHash": "sha256-V8A1L0FaU/aSXZ1QNJScxC12uP4hANeRBgI4YdhHeRM=",
        "owner": "oxalica",
        "repo": "rust-overlay",
        "rev": "1d7cbdaad90f8a5255a89a6eddd8af24dc89cafe",
        "type": "github"
      },
      "original": {
        "owner": "oxalica",
        "repo": "rust-overlay",
        "type": "github"
      }
    },
    "sops-nix": {
      "inputs": {
        "nixpkgs": [
          "nixpkgs"
        ]
      },
      "locked": {
        "lastModified": 1767499857,
        "narHash": "sha256-0zUU/PW09d6oBaR8x8vMHcAhg1MOvo3CwoXgHijzzNE=",
        "owner": "Mic92",
        "repo": "sops-nix",
        "rev": "ecc41505948ec2ab0325f14c9862a4329c2b4190",
        "type": "github"
      },
      "original": {
        "owner": "Mic92",
        "repo": "sops-nix",
        "type": "github"
      }
    },
    "stash": {
      "inputs": {
        "crane": "crane",
        "nixpkgs": [
          "nixohess",
          "nixpkgs"
        ]
      },
      "locked": {
        "lastModified": 1766474952,
        "narHash": "sha256-Ao2SCWtK3z/ijIHkr4asGRVqc378ztNfcWT04R+PN3k=",
        "owner": "NotAShelf",
        "repo": "stash",
        "rev": "65a8eebd46e1c95be1135721addbe1331def0a71",
        "type": "github"
      },
      "original": {
        "owner": "NotAShelf",
        "repo": "stash",
        "type": "github"
      }
    },
    "systems": {
      "locked": {
        "lastModified": 1680978846,
        "narHash": "sha256-Gtqg8b/v49BFDpDetjclCYXm8mAnTrUzR0JnE2nv5aw=",
        "owner": "nix-systems",
        "repo": "x86_64-linux",
        "rev": "2ecfcac5e15790ba6ce360ceccddb15ad16d08a8",
        "type": "github"
      },
      "original": {
        "owner": "nix-systems",
        "repo": "x86_64-linux",
        "type": "github"
      }
    },
    "watt": {
      "inputs": {
        "nixpkgs": [
          "nixohess",
          "nixpkgs"
        ]
      },
      "locked": {
        "lastModified": 1766382639,
        "narHash": "sha256-lVCKKShoYJv40BG3+vJW4Kl9p5VPubqt8YTu6Y18/qw=",
        "owner": "NotAShelf",
        "repo": "watt",
        "rev": "2a9560d1fe365ddad56bf5bb0882477e34749304",
        "type": "github"
      },
      "original": {
        "owner": "NotAShelf",
        "ref": "v1-dev",
        "repo": "watt",
        "type": "github"
      }
    },
    "xdph": {
      "inputs": {
        "hyprland-protocols": [
          "nixohess",
          "hyprland",
          "hyprland-protocols"
        ],
        "hyprlang": [
          "nixohess",
          "hyprland",
          "hyprlang"
        ],
        "hyprutils": [
          "nixohess",
          "hyprland",
          "hyprutils"
        ],
        "hyprwayland-scanner": [
          "nixohess",
          "hyprland",
          "hyprwayland-scanner"
        ],
        "nixpkgs": [
          "nixohess",
          "hyprland",
          "nixpkgs"
        ],
        "systems": [
          "nixohess",
          "hyprland",
          "systems"
        ]
      },
      "locked": {
        "lastModified": 1761431178,
        "narHash": "sha256-xzjC1CV3+wpUQKNF+GnadnkeGUCJX+vgaWIZsnz9tzI=",
        "owner": "hyprwm",
        "repo": "xdg-desktop-portal-hyprland",
        "rev": "4b8801228ff958d028f588f0c2b911dbf32297f9",
        "type": "github"
      },
      "original": {
        "owner": "hyprwm",
        "repo": "xdg-desktop-portal-hyprland",
        "type": "github"
      }
    }
  },
  "root": "root",
  "version": 7
}
